
Microsoft Visual Studio Solution File, Format Version 12.00
Project("{FAE04EC0-301F-11D3-BF4B-00C04F79EFBC}") = "BonusService", "BonusService\BonusService.csproj", "{F6123C68-63D1-4D27-8EF1-9AEAF8CB6382}"
EndProject
Project("{FAE04EC0-301F-11D3-BF4B-00C04F79EFBC}") = "BonusService.Test", "BonusService.Test\BonusService.Test.csproj", "{96F22065-273D-49AF-8D21-807BA1D20C62}"
EndProject
Project("{FAE04EC0-301F-11D3-BF4B-00C04F79EFBC}") = "BonusApi", "BonusApi\BonusApi.csproj", "{0AB3ECDB-C4A1-4F26-A4C6-75BF65B9572D}"
EndProject
Project("{FAE04EC0-301F-11D3-BF4B-00C04F79EFBC}") = "ImportBonuse", "ImportBonuse\ImportBonuse.csproj", "{644646C6-35A5-4F27-BC71-195EB795F95E}"
EndProject
Global
	GlobalSection(SolutionConfigurationPlatforms) = preSolution
		Debug|Any CPU = Debug|Any CPU
		Release|Any CPU = Release|Any CPU
	EndGlobalSection
	GlobalSection(ProjectConfigurationPlatforms) = postSolution
		{F6123C68-63D1-4D27-8EF1-9AEAF8CB6382}.Debug|Any CPU.ActiveCfg = Debug|Any CPU
		{F6123C68-63D1-4D27-8EF1-9AEAF8CB6382}.Debug|Any CPU.Build.0 = Debug|Any CPU
		{F6123C68-63D1-4D27-8EF1-9AEAF8CB6382}.Release|Any CPU.ActiveCfg = Release|Any CPU
		{F6123C68-63D1-4D27-8EF1-9AEAF8CB6382}.Release|Any CPU.Build.0 = Release|Any CPU
		{96F22065-273D-49AF-8D21-807BA1D20C62}.Debug|Any CPU.ActiveCfg = Debug|Any CPU
		{96F22065-273D-49AF-8D21-807BA1D20C62}.Debug|Any CPU.Build.0 = Debug|Any CPU
		{96F22065-273D-49AF-8D21-807BA1D20C62}.Release|Any CPU.ActiveCfg = Release|Any CPU
		{96F22065-273D-49AF-8D21-807BA1D20C62}.Release|Any CPU.Build.0 = Release|Any CPU
		{0AB3ECDB-C4A1-4F26-A4C6-75BF65B9572D}.Debug|Any CPU.ActiveCfg = Debug|Any CPU
		{0AB3ECDB-C4A1-4F26-A4C6-75BF65B9572D}.Debug|Any CPU.Build.0 = Debug|Any CPU
		{0AB3ECDB-C4A1-4F26-A4C6-75BF65B9572D}.Release|Any CPU.ActiveCfg = Release|Any CPU
		{0AB3ECDB-C4A1-4F26-A4C6-75BF65B9572D}.Release|Any CPU.Build.0 = Release|Any CPU
		{644646C6-35A5-4F27-BC71-195EB795F95E}.Debug|Any CPU.ActiveCfg = Debug|Any CPU
		{644646C6-35A5-4F27-BC71-195EB795F95E}.Debug|Any CPU.Build.0 = Debug|Any CPU
		{644646C6-35A5-4F27-BC71-195EB795F95E}.Release|Any CPU.ActiveCfg = Release|Any CPU
		{644646C6-35A5-4F27-BC71-195EB795F95E}.Release|Any CPU.Build.0 = Release|Any CPU
	EndGlobalSection
EndGlobal
